{
  "nodes": {
    "POP": {
      "inputs": {
        "flake-compat": [
          "omnibus",
          "flops"
        ],
        "nixlib": [
          "omnibus",
          "flops",
          "nixlib"
        ],
        "nixpkgs": [
          "omnibus",
          "flops"
        ]
      },
      "locked": {
        "lastModified": 1655410953,
        "narHash": "sha256-Er0zdhu7QwpWvVKfauqZqTnxDz6THTWOTVWLoz+Opmw=",
        "owner": "divnix",
        "repo": "POP",
        "rev": "8babe4c9126298d05ebb5ab04727d741b51c022e",
        "type": "github"
      },
      "original": {
        "owner": "divnix",
        "repo": "POP",
        "type": "github"
      }
    },
    "call-flake": {
      "locked": {
        "lastModified": 1697332845,
        "narHash": "sha256-bmhE1TmrJG4ba93l9WQTLuYM53kwGQAjYHRvHOeuxWU=",
        "owner": "divnix",
        "repo": "call-flake",
        "rev": "088f8589c7f3ee59bea1858a89f5125d284c3c4a",
        "type": "github"
      },
      "original": {
        "owner": "divnix",
        "repo": "call-flake",
        "type": "github"
      }
    },
    "dmerge": {
      "inputs": {
        "haumea": [
          "omnibus",
          "flops",
          "haumea"
        ],
        "nixlib": [
          "omnibus",
          "flops",
          "nixlib"
        ],
        "yants": [
          "omnibus",
          "flops",
          "yants"
        ]
      },
      "locked": {
        "lastModified": 1698340621,
        "narHash": "sha256-SFrpyBVYaBVu4kaEm6O9O5P+ZKASMEa2EOQSlC33/Ok=",
        "owner": "divnix",
        "repo": "dmerge",
        "rev": "7e528814b0da207ea12ab3f62f2a928b7b8fe9c6",
        "type": "github"
      },
      "original": {
        "owner": "divnix",
        "repo": "dmerge",
        "type": "github"
      }
    },
    "flops": {
      "inputs": {
        "POP": "POP",
        "call-flake": "call-flake",
        "dmerge": "dmerge",
        "haumea": "haumea",
        "nixlib": "nixlib",
        "yants": "yants"
      },
      "locked": {
        "lastModified": 1708888445,
        "narHash": "sha256-SCWaTzSejRdnRZAe6/9sLQc9UzoZKv92ed2QXOzHukU=",
        "owner": "gtrunsec",
        "repo": "flops",
        "rev": "bfb5ee04ba4286fb91706bd5a89857786cfd85e3",
        "type": "github"
      },
      "original": {
        "owner": "gtrunsec",
        "repo": "flops",
        "type": "github"
      }
    },
    "haumea": {
      "inputs": {
        "nixpkgs": [
          "omnibus",
          "flops",
          "nixlib"
        ]
      },
      "locked": {
        "lastModified": 1708375098,
        "narHash": "sha256-DaFJp3wDHgOqx98U0SF57bXaH2Orp106c+jSdPCVu1E=",
        "owner": "nix-community",
        "repo": "haumea",
        "rev": "ec6350fd9353e7f27ce0e85d31f82e3ed73e4d70",
        "type": "github"
      },
      "original": {
        "owner": "nix-community",
        "repo": "haumea",
        "type": "github"
      }
    },
    "nixlib": {
      "locked": {
        "lastModified": 1708821942,
        "narHash": "sha256-jd+E1SD59qty65pwqad2mftzkT6vW5nNFWVuvayh4Zw=",
        "owner": "nix-community",
        "repo": "nixpkgs.lib",
        "rev": "479831ed8b3c9c7b80533999f880c7d0bf6a491b",
        "type": "github"
      },
      "original": {
        "owner": "nix-community",
        "repo": "nixpkgs.lib",
        "type": "github"
      }
    },
    "omnibus": {
      "inputs": {
        "flops": "flops"
      },
      "locked": {
        "dirtyRev": "c1597d8d7321229596e777064e21a35515986ceb-dirty",
        "dirtyShortRev": "c1597d8-dirty",
        "lastModified": 1709194343,
        "narHash": "sha256-gSI6k2GW08kHmpoWfwA8VaKBBUAMMjVs8h4iQ5yKxgo=",
        "type": "git",
        "url": "file:///Users/guangtao/Dropbox/omnibus"
      },
      "original": {
        "type": "git",
        "url": "file:///Users/guangtao/Dropbox/omnibus"
      }
    },
    "root": {
      "inputs": {
        "omnibus": "omnibus"
      }
    },
    "yants": {
      "inputs": {
        "nixpkgs": [
          "omnibus",
          "flops",
          "nixlib"
        ]
      },
      "locked": {
        "lastModified": 1699522279,
        "narHash": "sha256-ILTqQyhVsouZDfbhEVFJI6b3NDZIQQRluL2dk3bee+Y=",
        "owner": "divnix",
        "repo": "yants",
        "rev": "cde27c2821d925245303650c2914d4b7d3a435cd",
        "type": "github"
      },
      "original": {
        "owner": "divnix",
        "ref": "refs/pull/5/head",
        "repo": "yants",
        "type": "github"
      }
    }
  },
  "root": "root",
  "version": 7
}
