{
  "nodes": {
    "arion": {
      "inputs": {
        "flake-parts": "flake-parts",
        "haskell-flake": "haskell-flake",
        "nixpkgs": [
          "nixpkgs"
        ]
      },
      "locked": {
        "lastModified": 1673633885,
        "narHash": "sha256-XxFZvY20EqOYlOP1dF/YcPYpgSJtlRIqIeWXHJqCnws=",
        "owner": "hercules-ci",
        "repo": "arion",
        "rev": "09ef2d13771ec1309536bbf97720767f90a5afa7",
        "type": "github"
      },
      "original": {
        "owner": "hercules-ci",
        "repo": "arion",
        "type": "github"
      }
    },
    "blank": {
      "locked": {
        "lastModified": 1625557891,
        "narHash": "sha256-O8/MWsPBGhhyPoPLHZAuoZiiHo9q6FLlEeIDEXuj6T4=",
        "owner": "divnix",
        "repo": "blank",
        "rev": "5a5d2684073d9f563072ed07c871d577a6c614a8",
        "type": "github"
      },
      "original": {
        "owner": "divnix",
        "repo": "blank",
        "type": "github"
      }
    },
    "cells-lab": {
      "inputs": {
        "nixos": "nixos",
        "nixpkgs": "nixpkgs",
        "org-roam-book-template": "org-roam-book-template",
        "std": [
          "std"
        ],
        "xnlib": "xnlib"
      },
      "locked": {
        "lastModified": 1675634654,
        "narHash": "sha256-yg6ImzZ1En0hrGENFe0VavWXMBRb1cv7TkwlgUn2PDE=",
        "owner": "gtrunsec",
        "repo": "cells-lab",
        "rev": "f1494061fe5a7954fb36ab39e85f57d53473214f",
        "type": "github"
      },
      "original": {
        "owner": "gtrunsec",
        "repo": "cells-lab",
        "type": "github"
      }
    },
    "colmena": {
      "inputs": {
        "flake-compat": "flake-compat_2",
        "flake-utils": "flake-utils_3",
        "nixpkgs": [
          "nixpkgs"
        ],
        "stable": "stable"
      },
      "locked": {
        "lastModified": 1674888748,
        "narHash": "sha256-NJ/wtclMjmj8EW+u4fHcvC1QVZgu6aGMPHW5+yirrjU=",
        "owner": "zhaofengli",
        "repo": "colmena",
        "rev": "9cb84136021796647885afa9b04646ce6bf72a55",
        "type": "github"
      },
      "original": {
        "owner": "zhaofengli",
        "repo": "colmena",
        "type": "github"
      }
    },
    "cortex": {
      "flake": false,
      "locked": {
        "lastModified": 1643528409,
        "narHash": "sha256-ldmenmCzCEuuBlMtaQYe79vYbcTORgkCXgYgGkOzkL8=",
        "owner": "gtrunsec",
        "repo": "cortex",
        "rev": "ad9a963534e5be323a33eaf0f9aa3e914cca8093",
        "type": "github"
      },
      "original": {
        "owner": "gtrunsec",
        "repo": "cortex",
        "type": "github"
      }
    },
    "darwin": {
      "inputs": {
        "nixpkgs": [
          "nixpkgs"
        ]
      },
      "locked": {
        "lastModified": 1673295039,
        "narHash": "sha256-AsdYgE8/GPwcelGgrntlijMg4t3hLFJFCRF3tL5WVjA=",
        "owner": "LnL7",
        "repo": "nix-darwin",
        "rev": "87b9d090ad39b25b2400029c64825fc2a8868943",
        "type": "github"
      },
      "original": {
        "owner": "LnL7",
        "repo": "nix-darwin",
        "type": "github"
      }
    },
    "devshell": {
      "inputs": {
        "flake-utils": [
          "std",
          "flake-utils"
        ],
        "nixpkgs": [
          "std",
          "nixpkgs"
        ]
      },
      "locked": {
        "lastModified": 1663445644,
        "narHash": "sha256-+xVlcK60x7VY1vRJbNUEAHi17ZuoQxAIH4S4iUFUGBA=",
        "owner": "numtide",
        "repo": "devshell",
        "rev": "e3dc3e21594fe07bdb24bdf1c8657acaa4cb8f66",
        "type": "github"
      },
      "original": {
        "owner": "numtide",
        "repo": "devshell",
        "type": "github"
      }
    },
    "disko": {
      "inputs": {
        "nixpkgs": [
          "nixpkgs"
        ]
      },
      "locked": {
        "lastModified": 1674926486,
        "narHash": "sha256-YBGeQQQgR2mzloSISZNTv936p+fuEjN0vuGsvIEhHeg=",
        "owner": "nix-community",
        "repo": "disko",
        "rev": "aa26c0ce0d0ed8129cb404abafb75a9ece0e1af1",
        "type": "github"
      },
      "original": {
        "owner": "nix-community",
        "repo": "disko",
        "type": "github"
      }
    },
    "dmerge": {
      "inputs": {
        "nixlib": [
          "std",
          "nixpkgs"
        ],
        "yants": [
          "std",
          "yants"
        ]
      },
      "locked": {
        "lastModified": 1659548052,
        "narHash": "sha256-fzI2gp1skGA8mQo/FBFrUAtY0GQkAIAaV/V127TJPyY=",
        "owner": "divnix",
        "repo": "data-merge",
        "rev": "d160d18ce7b1a45b88344aa3f13ed1163954b497",
        "type": "github"
      },
      "original": {
        "owner": "divnix",
        "repo": "data-merge",
        "type": "github"
      }
    },
    "emacs-overlay": {
      "inputs": {
        "flake-utils": "flake-utils",
        "nixpkgs": "nixpkgs_2"
      },
      "locked": {
        "lastModified": 1674756934,
        "narHash": "sha256-rbXnloG12DB0fY7wqBJ8JtN8Vqd47WQBdQ1lsHdoAh4=",
        "owner": "nix-community",
        "repo": "emacs-overlay",
        "rev": "acff9f41c4962704acb8008e5ff5b90a43cf7758",
        "type": "github"
      },
      "original": {
        "owner": "nix-community",
        "repo": "emacs-overlay",
        "type": "github"
      }
    },
    "flake-compat": {
      "flake": false,
      "locked": {
        "lastModified": 1673956053,
        "narHash": "sha256-4gtG9iQuiKITOjNQQeQIpoIB6b16fm+504Ch3sNKLd8=",
        "owner": "edolstra",
        "repo": "flake-compat",
        "rev": "35bb57c0c8d8b62bbfd284272c928ceb64ddbde9",
        "type": "github"
      },
      "original": {
        "owner": "edolstra",
        "repo": "flake-compat",
        "type": "github"
      }
    },
    "flake-compat_2": {
      "flake": false,
      "locked": {
        "lastModified": 1650374568,
        "narHash": "sha256-Z+s0J8/r907g149rllvwhb4pKi8Wam5ij0st8PwAh+E=",
        "owner": "edolstra",
        "repo": "flake-compat",
        "rev": "b4a34015c698c7793d592d66adbab377907a2be8",
        "type": "github"
      },
      "original": {
        "owner": "edolstra",
        "repo": "flake-compat",
        "type": "github"
      }
    },
    "flake-parts": {
      "inputs": {
        "nixpkgs-lib": [
          "arion",
          "nixpkgs"
        ]
      },
      "locked": {
        "lastModified": 1672877861,
        "narHash": "sha256-ROnSmsk5grROL6gnHBnSdqlPPBrBJMApCeB7xzY567M=",
        "owner": "hercules-ci",
        "repo": "flake-parts",
        "rev": "7930f5b1c356270cec420d4f4cb43f4907206640",
        "type": "github"
      },
      "original": {
        "owner": "hercules-ci",
        "repo": "flake-parts",
        "type": "github"
      }
    },
    "flake-utils": {
      "locked": {
        "lastModified": 1667395993,
        "narHash": "sha256-nuEHfE/LcWyuSWnS8t12N1wc105Qtau+/OdUAjtQ0rA=",
        "owner": "numtide",
        "repo": "flake-utils",
        "rev": "5aed5285a952e0b949eb3ba02c12fa4fcfef535f",
        "type": "github"
      },
      "original": {
        "owner": "numtide",
        "repo": "flake-utils",
        "type": "github"
      }
    },
    "flake-utils_2": {
      "locked": {
        "lastModified": 1667395993,
        "narHash": "sha256-nuEHfE/LcWyuSWnS8t12N1wc105Qtau+/OdUAjtQ0rA=",
        "owner": "numtide",
        "repo": "flake-utils",
        "rev": "5aed5285a952e0b949eb3ba02c12fa4fcfef535f",
        "type": "github"
      },
      "original": {
        "owner": "numtide",
        "repo": "flake-utils",
        "type": "github"
      }
    },
    "flake-utils_3": {
      "locked": {
        "lastModified": 1659877975,
        "narHash": "sha256-zllb8aq3YO3h8B/U0/J1WBgAL8EX5yWf5pMj3G0NAmc=",
        "owner": "numtide",
        "repo": "flake-utils",
        "rev": "c0e246b9b83f637f4681389ecabcb2681b4f3af0",
        "type": "github"
      },
      "original": {
        "owner": "numtide",
        "repo": "flake-utils",
        "type": "github"
      }
    },
    "flake-utils_4": {
      "locked": {
        "lastModified": 1667395993,
        "narHash": "sha256-nuEHfE/LcWyuSWnS8t12N1wc105Qtau+/OdUAjtQ0rA=",
        "owner": "numtide",
        "repo": "flake-utils",
        "rev": "5aed5285a952e0b949eb3ba02c12fa4fcfef535f",
        "type": "github"
      },
      "original": {
        "owner": "numtide",
        "repo": "flake-utils",
        "type": "github"
      }
    },
    "flake-utils_5": {
      "locked": {
        "lastModified": 1659877975,
        "narHash": "sha256-zllb8aq3YO3h8B/U0/J1WBgAL8EX5yWf5pMj3G0NAmc=",
        "owner": "numtide",
        "repo": "flake-utils",
        "rev": "c0e246b9b83f637f4681389ecabcb2681b4f3af0",
        "type": "github"
      },
      "original": {
        "owner": "numtide",
        "repo": "flake-utils",
        "type": "github"
      }
    },
    "haskell-flake": {
      "locked": {
        "lastModified": 1668167720,
        "narHash": "sha256-5wDTR6xt9BB3BjgKR+YOjOkZgMyDXKaX79g42sStzDU=",
        "owner": "srid",
        "repo": "haskell-flake",
        "rev": "4fc511d93a55fedf815c1647ad146c26d7a2054e",
        "type": "github"
      },
      "original": {
        "owner": "srid",
        "repo": "haskell-flake",
        "type": "github"
      }
    },
    "home": {
      "inputs": {
        "nixpkgs": [
          "nixos"
        ],
        "utils": "utils"
      },
      "locked": {
        "lastModified": 1677437727,
        "narHash": "sha256-1BoofKqPT08sLCtm2hzABocYrSwkc8GtmeDuvrIXdjc=",
        "owner": "nix-community",
        "repo": "home-manager",
        "rev": "bf76afbb06b77237507b5279d0d555e05b5cc7f7",
        "type": "github"
      },
      "original": {
        "owner": "nix-community",
        "repo": "home-manager",
        "type": "github"
      }
    },
    "home-22-11": {
      "inputs": {
        "nixpkgs": [
          "nixos-22-11"
        ],
        "utils": "utils_2"
      },
      "locked": {
        "lastModified": 1672244468,
        "narHash": "sha256-xaZb8AZqoXRCSqPusCk4ouf+fUNP8UJdafmMTF1Ltlw=",
        "owner": "nix-community",
        "repo": "home-manager",
        "rev": "89a8ba0b5b43b3350ff2e3ef37b66736b2ef8706",
        "type": "github"
      },
      "original": {
        "owner": "nix-community",
        "ref": "release-22.11",
        "repo": "home-manager",
        "type": "github"
      }
    },
    "impermanence": {
      "locked": {
        "lastModified": 1668668915,
        "narHash": "sha256-QjY4ZZbs9shwO4LaLpvlU2bO9J1juYhO9NtV3nrbnYQ=",
        "owner": "nix-community",
        "repo": "impermanence",
        "rev": "5df9108b346f8a42021bf99e50de89c9caa251c3",
        "type": "github"
      },
      "original": {
        "owner": "nix-community",
        "repo": "impermanence",
        "type": "github"
      }
    },
    "incl": {
      "inputs": {
        "nixlib": [
          "std",
          "nixpkgs"
        ]
      },
      "locked": {
        "lastModified": 1669263024,
        "narHash": "sha256-E/+23NKtxAqYG/0ydYgxlgarKnxmDbg6rCMWnOBqn9Q=",
        "owner": "divnix",
        "repo": "incl",
        "rev": "ce7bebaee048e4cd7ebdb4cee7885e00c4e2abca",
        "type": "github"
      },
      "original": {
        "owner": "divnix",
        "repo": "incl",
        "type": "github"
      }
    },
    "microvm": {
      "inputs": {
        "flake-utils": "flake-utils_4",
        "nixpkgs": "nixpkgs_3"
      },
      "locked": {
        "lastModified": 1674747738,
        "narHash": "sha256-FSaBkfXiKo6jdvjUx/SJhM/+h+QQIxFu7cCXs8uxZ6Q=",
        "owner": "astro",
        "repo": "microvm.nix",
        "rev": "0a3d48e06b8c04beb3de0a3283bd1ef29fe4a47d",
        "type": "github"
      },
      "original": {
        "owner": "astro",
        "repo": "microvm.nix",
        "type": "github"
      }
    },
    "n2c": {
      "inputs": {
        "flake-utils": [
          "std",
          "flake-utils"
        ],
        "nixpkgs": [
          "std",
          "nixpkgs"
        ]
      },
      "locked": {
        "lastModified": 1665039323,
        "narHash": "sha256-SAh3ZjFGsaCI8FRzXQyp56qcGdAqgKEfJWPCQ0Sr7tQ=",
        "owner": "nlewo",
        "repo": "nix2container",
        "rev": "b008fe329ffb59b67bf9e7b08ede6ee792f2741a",
        "type": "github"
      },
      "original": {
        "owner": "nlewo",
        "repo": "nix2container",
        "type": "github"
      }
    },
    "nix-filter": {
      "locked": {
        "lastModified": 1666547822,
        "narHash": "sha256-razwnAybPHyoAyhkKCwXdxihIqJi1G6e1XP4FQOJTEs=",
        "owner": "numtide",
        "repo": "nix-filter",
        "rev": "1a3b735e13e90a8d2fd5629f2f8363bd7ffbbec7",
        "type": "github"
      },
      "original": {
        "owner": "numtide",
        "repo": "nix-filter",
        "type": "github"
      }
    },
    "nix-filter_2": {
      "locked": {
        "lastModified": 1675361037,
        "narHash": "sha256-CTbDuDxFD3U3g/dWUB+r+B/snIe+qqP1R+1myuFGe2I=",
        "owner": "numtide",
        "repo": "nix-filter",
        "rev": "e1b2f96c2a31415f362268bc48c3fccf47dff6eb",
        "type": "github"
      },
      "original": {
        "owner": "numtide",
        "repo": "nix-filter",
        "type": "github"
      }
    },
    "nix-std": {
      "locked": {
        "lastModified": 1671250799,
        "narHash": "sha256-uPIakP98gOf6504NtrAb2/0O0BgRRXNShM0PTV8z+T0=",
        "owner": "chessai",
        "repo": "nix-std",
        "rev": "b300fd6dfeae8cc331c7d8cde0e81b404d50d40c",
        "type": "github"
      },
      "original": {
        "owner": "chessai",
        "repo": "nix-std",
        "type": "github"
      }
    },
    "nixago": {
      "inputs": {
        "flake-utils": [
          "std",
          "flake-utils"
        ],
        "nixago-exts": [
          "std",
          "blank"
        ],
        "nixpkgs": [
          "std",
          "nixpkgs"
        ]
      },
      "locked": {
        "lastModified": 1661824785,
        "narHash": "sha256-/PnwdWoO/JugJZHtDUioQp3uRiWeXHUdgvoyNbXesz8=",
        "owner": "nix-community",
        "repo": "nixago",
        "rev": "8c1f9e5f1578d4b2ea989f618588d62a335083c3",
        "type": "github"
      },
      "original": {
        "owner": "nix-community",
        "repo": "nixago",
        "type": "github"
      }
    },
    "nixlib": {
      "locked": {
        "lastModified": 1673743903,
        "narHash": "sha256-sloY6KYyVOozJ1CkbgJPpZ99TKIjIvM+04V48C04sMQ=",
        "owner": "nix-community",
        "repo": "nixpkgs.lib",
        "rev": "7555e2dfcbac1533f047021f1744ac8871150f9f",
        "type": "github"
      },
      "original": {
        "owner": "nix-community",
        "repo": "nixpkgs.lib",
        "type": "github"
      }
    },
    "nixlib_2": {
      "locked": {
        "lastModified": 1636849918,
        "narHash": "sha256-nzUK6dPcTmNVrgTAC1EOybSMsrcx+QrVPyqRdyKLkjA=",
        "owner": "nix-community",
        "repo": "nixpkgs.lib",
        "rev": "28a5b0557f14124608db68d3ee1f77e9329e9dd5",
        "type": "github"
      },
      "original": {
        "owner": "nix-community",
        "repo": "nixpkgs.lib",
        "type": "github"
      }
    },
    "nixos": {
      "locked": {
        "lastModified": 1672844754,
        "narHash": "sha256-o26WabuHABQsaHxxmIrR3AQRqDFUEdLckLXkVCpIjSU=",
        "owner": "NixOS",
        "repo": "nixpkgs",
        "rev": "e9ade2c8240e00a4784fac282a502efff2786bdc",
        "type": "github"
      },
      "original": {
        "owner": "NixOS",
        "ref": "nixos-22.11",
        "repo": "nixpkgs",
        "type": "github"
      }
    },
    "nixos-22-11": {
      "locked": {
        "lastModified": 1675556398,
        "narHash": "sha256-5Gf5KlmFXfIGVQb2hmiiE7FQHoLd4UtEhIolLQvNB/A=",
        "owner": "nixos",
        "repo": "nixpkgs",
        "rev": "e32c33811815ca4a535a16faf1c83eeb4493145b",
        "type": "github"
      },
      "original": {
        "owner": "nixos",
        "ref": "release-22.11",
        "repo": "nixpkgs",
        "type": "github"
      }
    },
    "nixos-generators": {
      "inputs": {
        "nixlib": "nixlib_2",
        "nixpkgs": "nixpkgs_4"
      },
      "locked": {
        "lastModified": 1669065280,
        "narHash": "sha256-3+pq1oJWjGDLfd8G/vR3IIFZ+EQ/aglukA0bTiMlf3o=",
        "owner": "nix-community",
        "repo": "nixos-generators",
        "rev": "50aeec40f2072d2ab267c8ec8a345573704ec110",
        "type": "github"
      },
      "original": {
        "owner": "nix-community",
        "repo": "nixos-generators",
        "type": "github"
      }
    },
    "nixos-hardware": {
      "locked": {
        "lastModified": 1674550793,
        "narHash": "sha256-ljJlIFQZwtBbzWqWTmmw2O5BFmQf1A/DspwMOQtGXHk=",
        "owner": "nixos",
        "repo": "nixos-hardware",
        "rev": "b7ac0a56029e4f9e6743b9993037a5aaafd57103",
        "type": "github"
      },
      "original": {
        "owner": "nixos",
        "repo": "nixos-hardware",
        "type": "github"
      }
    },
    "nixos-unstable": {
      "locked": {
        "lastModified": 1677402710,
        "narHash": "sha256-lJDmkqVH6fyhPbcDDpYz+V+p0MlcoPjBsYxAzTt5+fg=",
        "owner": "nixos",
        "repo": "nixpkgs",
        "rev": "30e272bc047dfa347315e9fe9bcb10a9cf1e0865",
        "type": "github"
      },
      "original": {
        "owner": "nixos",
        "ref": "nixos-unstable-small",
        "repo": "nixpkgs",
        "type": "github"
      }
    },
    "nixpkgs": {
      "locked": {
        "lastModified": 1672997035,
        "narHash": "sha256-DNaNjsGMRYefBTAxFIrVOB2ok477cj1FTpqnu/mKRf4=",
        "owner": "NixOS",
        "repo": "nixpkgs",
        "rev": "f1ffcf798e93b169321106a4aef79526a2b4bd0a",
        "type": "github"
      },
      "original": {
        "owner": "NixOS",
        "ref": "nixpkgs-unstable",
        "repo": "nixpkgs",
        "type": "github"
      }
    },
    "nixpkgs-master": {
      "locked": {
        "lastModified": 1677197206,
        "narHash": "sha256-genGpC2jF/va2iHZ7i4pVODvOd+823i4LPeuNpwCJdM=",
        "owner": "nixos",
        "repo": "nixpkgs",
        "rev": "f9afd57302f342f7e72048ea77ed57aef61ffe48",
        "type": "github"
      },
      "original": {
        "owner": "nixos",
        "repo": "nixpkgs",
        "type": "github"
      }
    },
    "nixpkgs_2": {
      "locked": {
        "lastModified": 1673540789,
        "narHash": "sha256-xqnxBOK3qctIeUVxecydrEDbEXjsvHCPGPbvsl63M/U=",
        "owner": "NixOS",
        "repo": "nixpkgs",
        "rev": "0f213d0fee84280d8c3a97f7469b988d6fe5fcdf",
        "type": "github"
      },
      "original": {
        "owner": "NixOS",
        "ref": "nixos-unstable",
        "repo": "nixpkgs",
        "type": "github"
      }
    },
    "nixpkgs_3": {
      "locked": {
        "lastModified": 1672791794,
        "narHash": "sha256-mqGPpGmwap0Wfsf3o2b6qHJW1w2kk/I6cGCGIU+3t6o=",
        "owner": "nixos",
        "repo": "nixpkgs",
        "rev": "9813adc7f7c0edd738c6bdd8431439688bb0cb3d",
        "type": "github"
      },
      "original": {
        "owner": "nixos",
        "ref": "nixos-unstable",
        "repo": "nixpkgs",
        "type": "github"
      }
    },
    "nixpkgs_4": {
      "locked": {
        "lastModified": 1637186689,
        "narHash": "sha256-NU7BhgnwA/3ibmCeSzFK6xGi+Bari9mPfn+4cBmyEjw=",
        "owner": "NixOS",
        "repo": "nixpkgs",
        "rev": "7fad01d9d5a3f82081c00fb57918d64145dc904c",
        "type": "github"
      },
      "original": {
        "owner": "NixOS",
        "ref": "nixpkgs-unstable",
        "repo": "nixpkgs",
        "type": "github"
      }
    },
    "nixpkgs_5": {
      "locked": {
        "lastModified": 1674236650,
        "narHash": "sha256-B4GKL1YdJnII6DQNNJ4wDW1ySJVx2suB1h/v4Ql8J0Q=",
        "owner": "nixos",
        "repo": "nixpkgs",
        "rev": "cfb43ad7b941d9c3606fb35d91228da7ebddbfc5",
        "type": "github"
      },
      "original": {
        "owner": "nixos",
        "ref": "nixpkgs-unstable",
        "repo": "nixpkgs",
        "type": "github"
      }
    },
    "nosys": {
      "locked": {
        "lastModified": 1667881534,
        "narHash": "sha256-FhwJ15uPLRsvaxtt/bNuqE/ykMpNAPF0upozFKhTtXM=",
        "owner": "divnix",
        "repo": "nosys",
        "rev": "2d0d5207f6a230e9d0f660903f8db9807b54814f",
        "type": "github"
      },
      "original": {
        "owner": "divnix",
        "repo": "nosys",
        "type": "github"
      }
    },
    "nur": {
      "locked": {
        "lastModified": 1675529301,
        "narHash": "sha256-upLPV9gqFnfkwwZQfKEJDLXMv5lyeIpTOXCXFjPN2zA=",
        "owner": "nix-community",
        "repo": "NUR",
        "rev": "ac7a6f0e289c4690f808f0865a0e7f766670bdfe",
        "type": "github"
      },
      "original": {
        "owner": "nix-community",
        "repo": "NUR",
        "type": "github"
      }
    },
    "org-roam-book-template": {
      "inputs": {
        "cortex": "cortex",
        "emacs-overlay": "emacs-overlay",
        "flake-compat": "flake-compat",
        "flake-utils": "flake-utils_2",
        "nix-filter": "nix-filter",
        "nixpkgs": [
          "cells-lab",
          "nixpkgs"
        ],
        "ox-hugo": "ox-hugo"
      },
      "locked": {
        "lastModified": 1674761477,
        "narHash": "sha256-lw5K/gXFry2lIPEQdQR8ZFtnTS1tUG/YQZE8EmFmy0k=",
        "owner": "gtrunsec",
        "repo": "org-roam-book-template",
        "rev": "d3a71cf04e180d0629b3bb5cf53b7a64afd69b44",
        "type": "github"
      },
      "original": {
        "owner": "gtrunsec",
        "repo": "org-roam-book-template",
        "type": "github"
      }
    },
    "ox-hugo": {
      "flake": false,
      "locked": {
        "lastModified": 1669851508,
        "narHash": "sha256-7m9B647uOBnSWYsxIfavlTCsT8loDm33v/epqYSUhLw=",
        "owner": "kaushalmodi",
        "repo": "ox-hugo",
        "rev": "706b5f622d168bb8e0cf503e0525d2db9177c83e",
        "type": "github"
      },
      "original": {
        "owner": "kaushalmodi",
        "repo": "ox-hugo",
        "type": "github"
      }
    },
    "root": {
      "inputs": {
        "arion": "arion",
        "cells-lab": "cells-lab",
        "colmena": "colmena",
        "darwin": "darwin",
        "disko": "disko",
        "dmerge": [
          "std",
          "dmerge"
        ],
        "home": "home",
        "home-22-11": "home-22-11",
        "impermanence": "impermanence",
        "microvm": "microvm",
        "nix-filter": "nix-filter_2",
        "nixos": [
          "nixos-unstable"
        ],
        "nixos-22-11": "nixos-22-11",
        "nixos-generators": "nixos-generators",
        "nixos-hardware": "nixos-hardware",
        "nixos-unstable": "nixos-unstable",
        "nixpkgs": "nixpkgs_5",
        "nixpkgs-master": "nixpkgs-master",
        "nur": "nur",
        "std": "std"
      }
    },
    "stable": {
      "locked": {
        "lastModified": 1669735802,
        "narHash": "sha256-qtG/o/i5ZWZLmXw108N2aPiVsxOcidpHJYNkT45ry9Q=",
        "owner": "NixOS",
        "repo": "nixpkgs",
        "rev": "731cc710aeebecbf45a258e977e8b68350549522",
        "type": "github"
      },
      "original": {
        "owner": "NixOS",
        "ref": "nixos-22.11",
        "repo": "nixpkgs",
        "type": "github"
      }
    },
    "std": {
      "inputs": {
        "arion": [
          "arion"
        ],
        "blank": "blank",
        "devshell": "devshell",
        "dmerge": "dmerge",
        "flake-utils": "flake-utils_5",
        "incl": "incl",
        "makes": [
          "std",
          "blank"
        ],
        "microvm": [
          "microvm"
        ],
        "n2c": "n2c",
        "nixago": "nixago",
        "nixpkgs": [
          "nixpkgs"
        ],
        "nosys": "nosys",
        "yants": "yants"
      },
      "locked": {
        "lastModified": 1675651836,
        "narHash": "sha256-Zv71oPiV2lsO6TJfEqqCAlohAo+OnBZSGZgsALxdCGs=",
        "owner": "divnix",
        "repo": "std",
        "rev": "97348aa1056414f1c97caa7e1a4c21efda3f24e5",
        "type": "github"
      },
      "original": {
        "owner": "divnix",
        "repo": "std",
        "type": "github"
      }
    },
    "utils": {
      "locked": {
        "lastModified": 1667395993,
        "narHash": "sha256-nuEHfE/LcWyuSWnS8t12N1wc105Qtau+/OdUAjtQ0rA=",
        "owner": "numtide",
        "repo": "flake-utils",
        "rev": "5aed5285a952e0b949eb3ba02c12fa4fcfef535f",
        "type": "github"
      },
      "original": {
        "owner": "numtide",
        "repo": "flake-utils",
        "type": "github"
      }
    },
    "utils_2": {
      "locked": {
        "lastModified": 1667395993,
        "narHash": "sha256-nuEHfE/LcWyuSWnS8t12N1wc105Qtau+/OdUAjtQ0rA=",
        "owner": "numtide",
        "repo": "flake-utils",
        "rev": "5aed5285a952e0b949eb3ba02c12fa4fcfef535f",
        "type": "github"
      },
      "original": {
        "owner": "numtide",
        "repo": "flake-utils",
        "type": "github"
      }
    },
    "xnlib": {
      "inputs": {
        "nix-std": "nix-std",
        "nixlib": "nixlib",
        "std": [
          "cells-lab",
          "std"
        ]
      },
      "locked": {
        "lastModified": 1674228201,
        "narHash": "sha256-2ONv2b8TTkCAyOSO9LMp3wTzOS9BW6riEBxq5xwsvvc=",
        "owner": "gtrunsec",
        "repo": "xnlib",
        "rev": "b9625c523d34617dc5aab311abb59590406fa8be",
        "type": "github"
      },
      "original": {
        "owner": "gtrunsec",
        "repo": "xnlib",
        "type": "github"
      }
    },
    "yants": {
      "inputs": {
        "nixpkgs": [
          "std",
          "nixpkgs"
        ]
      },
      "locked": {
        "lastModified": 1667096281,
        "narHash": "sha256-wRRec6ze0gJHmGn6m57/zhz/Kdvp9HS4Nl5fkQ+uIuA=",
        "owner": "divnix",
        "repo": "yants",
        "rev": "d18f356ec25cb94dc9c275870c3a7927a10f8c3c",
        "type": "github"
      },
      "original": {
        "owner": "divnix",
        "repo": "yants",
        "type": "github"
      }
    }
  },
  "root": "root",
  "version": 7
}
