{
  "nodes": {
    "catppuccin-bat": {
      "flake": false,
      "locked": {
        "lastModified": 1668065083,
        "narHash": "sha256-6WVKQErGdaqb++oaXnY3i6/GuH2FhTgK0v4TN4Y0Wbw=",
        "owner": "catppuccin",
        "repo": "bat",
        "rev": "ba4d16880d63e656acced2b7d4e034e4a93f74b1",
        "type": "github"
      },
      "original": {
        "owner": "catppuccin",
        "repo": "bat",
        "type": "github"
      }
    },
    "catppuccin-gitui": {
      "flake": false,
      "locked": {
        "lastModified": 1669172699,
        "narHash": "sha256-frkGtsk/VuS6MYUf7S2hqNHhTaV6S0Mv2UuttCgvimk=",
        "owner": "catppuccin",
        "repo": "gitui",
        "rev": "ff1e802cfff3d5ff41b0d829a3df1da8087b1265",
        "type": "github"
      },
      "original": {
        "owner": "catppuccin",
        "repo": "gitui",
        "type": "github"
      }
    },
    "catppuccin-hyprland": {
      "flake": false,
      "locked": {
        "lastModified": 1683122293,
        "narHash": "sha256-07B5QmQmsUKYf38oWU3+2C6KO4JvinuTwmW1Pfk8CT8=",
        "owner": "catppuccin",
        "repo": "hyprland",
        "rev": "99a88fd21fac270bd999d4a26cf0f4a4222c58be",
        "type": "github"
      },
      "original": {
        "owner": "catppuccin",
        "repo": "hyprland",
        "type": "github"
      }
    },
    "catppuccin-waybar": {
      "flake": false,
      "locked": {
        "lastModified": 1678438606,
        "narHash": "sha256-WLJMA2X20E5PCPg0ZPtSop0bfmu+pLImP9t8A8V4QK8=",
        "owner": "catppuccin",
        "repo": "waybar",
        "rev": "f74ab1eecf2dcaf22569b396eed53b2b2fbe8aff",
        "type": "github"
      },
      "original": {
        "owner": "catppuccin",
        "repo": "waybar",
        "type": "github"
      }
    },
    "catppuccin-wezterm": {
      "flake": false,
      "locked": {
        "lastModified": 1681259790,
        "narHash": "sha256-McSWoZaJeK+oqdK/0vjiRxZGuLBpEB10Zg4+7p5dIGY=",
        "owner": "catppuccin",
        "repo": "wezterm",
        "rev": "b1a81bae74d66eaae16457f2d8f151b5bd4fe5da",
        "type": "github"
      },
      "original": {
        "owner": "catppuccin",
        "repo": "wezterm",
        "type": "github"
      }
    },
    "navi-tldr-pages": {
      "flake": false,
      "locked": {
        "lastModified": 1686391353,
        "narHash": "sha256-9kogJGtkT2na7zlrdg0B64DK6mwoOpPgVwUpS4sJQRM=",
        "owner": "GTrunSec",
        "repo": "navi-tldr-pages",
        "rev": "953167d7f9cf0d892c3ab361c81eb035336d2773",
        "type": "github"
      },
      "original": {
        "owner": "GTrunSec",
        "repo": "navi-tldr-pages",
        "type": "github"
      }
    },
    "nu-scripts": {
      "flake": false,
      "locked": {
        "lastModified": 1686342406,
        "narHash": "sha256-HvnwRE5QtZQ3MqDxyqU9ZfvQmtvs5QBNpG1lYVJ2O2k=",
        "owner": "nushell",
        "repo": "nu_scripts",
        "rev": "2e46f056c647803fb3fece3e1f00349e1f5cb1f0",
        "type": "github"
      },
      "original": {
        "owner": "nushell",
        "repo": "nu_scripts",
        "type": "github"
      }
    },
    "root": {
      "inputs": {
        "catppuccin-bat": "catppuccin-bat",
        "catppuccin-gitui": "catppuccin-gitui",
        "catppuccin-hyprland": "catppuccin-hyprland",
        "catppuccin-waybar": "catppuccin-waybar",
        "catppuccin-wezterm": "catppuccin-wezterm",
        "navi-tldr-pages": "navi-tldr-pages",
        "nu-scripts": "nu-scripts",
        "sketchviz": "sketchviz",
        "slurp": "slurp"
      }
    },
    "sketchviz": {
      "flake": false,
      "locked": {
        "lastModified": 1642541547,
        "narHash": "sha256-J0yrfOqlnX9Qt1FetXxNfxsPx648H0zFUanxCtxJVqA=",
        "owner": "gpotter2",
        "repo": "sketchviz",
        "rev": "790744cb47a2a390b6a39e35331bd2d1cd289204",
        "type": "github"
      },
      "original": {
        "owner": "gpotter2",
        "repo": "sketchviz",
        "type": "github"
      }
    },
    "slurp": {
      "flake": false,
      "locked": {
        "lastModified": 1643703709,
        "narHash": "sha256-FmLOgl5X+VirzSLF2x17+yeva27mnXkuBeurOTzIhNg=",
        "owner": "emersion",
        "repo": "slurp",
        "rev": "7d2d77450f2a60f093a6aa607d91336ecad6bf78",
        "type": "github"
      },
      "original": {
        "owner": "emersion",
        "ref": "pull/95/head",
        "repo": "slurp",
        "type": "github"
      }
    }
  },
  "root": "root",
  "version": 7
}
