{
  "nodes": {
    "blank": {
      "locked": {
        "lastModified": 1625557891,
        "narHash": "sha256-O8/MWsPBGhhyPoPLHZAuoZiiHo9q6FLlEeIDEXuj6T4=",
        "owner": "divnix",
        "repo": "blank",
        "rev": "5a5d2684073d9f563072ed07c871d577a6c614a8",
        "type": "github"
      },
      "original": {
        "owner": "divnix",
        "repo": "blank",
        "type": "github"
      }
    },
    "call-flake": {
      "locked": {
        "lastModified": 1726365019,
        "narHash": "sha256-ythzL6iO/eE6r1IA6dflpWx0vC4JBGBlHLTK3BpYhrQ=",
        "owner": "divnix",
        "repo": "call-flake",
        "rev": "56c58e16a9736e2667d84d3b35d8a6786b677824",
        "type": "github"
      },
      "original": {
        "owner": "divnix",
        "repo": "call-flake",
        "type": "github"
      }
    },
    "call-flake_2": {
      "locked": {
        "lastModified": 1687380775,
        "narHash": "sha256-bmhE1TmrJG4ba93l9WQTLuYM53kwGQAjYHRvHOeuxWU=",
        "owner": "divnix",
        "repo": "call-flake",
        "rev": "74061f6c241227cd05e79b702db9a300a2e4131a",
        "type": "github"
      },
      "original": {
        "owner": "divnix",
        "repo": "call-flake",
        "type": "github"
      }
    },
    "colmena": {
      "inputs": {
        "flake-compat": "flake-compat",
        "flake-utils": "flake-utils",
        "nixpkgs": "nixpkgs",
        "stable": "stable"
      },
      "locked": {
        "lastModified": 1711386353,
        "narHash": "sha256-gWEpb8Hybnoqb4O4tmpohGZk6+aerAbJpywKcFIiMlg=",
        "owner": "zhaofengli",
        "repo": "colmena",
        "rev": "cd65ef7a25cdc75052fbd04b120aeb066c3881db",
        "type": "github"
      },
      "original": {
        "owner": "zhaofengli",
        "repo": "colmena",
        "type": "github"
      }
    },
    "devshell": {
      "inputs": {
        "nixpkgs": [
          "nixpkgs"
        ]
      },
      "locked": {
        "lastModified": 1722113426,
        "narHash": "sha256-Yo/3loq572A8Su6aY5GP56knpuKYRvM2a1meP9oJZCw=",
        "owner": "numtide",
        "repo": "devshell",
        "rev": "67cce7359e4cd3c45296fb4aaf6a19e2a9c757ae",
        "type": "github"
      },
      "original": {
        "owner": "numtide",
        "repo": "devshell",
        "type": "github"
      }
    },
    "dmerge": {
      "inputs": {
        "haumea": [
          "std",
          "haumea"
        ],
        "nixlib": [
          "std",
          "lib"
        ],
        "yants": [
          "std",
          "yants"
        ]
      },
      "locked": {
        "lastModified": 1686862774,
        "narHash": "sha256-ojGtRQ9pIOUrxsQEuEPerUkqIJEuod9hIflfNkY+9CE=",
        "owner": "divnix",
        "repo": "dmerge",
        "rev": "9f7f7a8349d33d7bd02e0f2b484b1f076e503a96",
        "type": "github"
      },
      "original": {
        "owner": "divnix",
        "ref": "0.2.1",
        "repo": "dmerge",
        "type": "github"
      }
    },
    "flake-compat": {
      "flake": false,
      "locked": {
        "lastModified": 1650374568,
        "narHash": "sha256-Z+s0J8/r907g149rllvwhb4pKi8Wam5ij0st8PwAh+E=",
        "owner": "edolstra",
        "repo": "flake-compat",
        "rev": "b4a34015c698c7793d592d66adbab377907a2be8",
        "type": "github"
      },
      "original": {
        "owner": "edolstra",
        "repo": "flake-compat",
        "type": "github"
      }
    },
    "flake-utils": {
      "locked": {
        "lastModified": 1659877975,
        "narHash": "sha256-zllb8aq3YO3h8B/U0/J1WBgAL8EX5yWf5pMj3G0NAmc=",
        "owner": "numtide",
        "repo": "flake-utils",
        "rev": "c0e246b9b83f637f4681389ecabcb2681b4f3af0",
        "type": "github"
      },
      "original": {
        "owner": "numtide",
        "repo": "flake-utils",
        "type": "github"
      }
    },
    "flake-utils_2": {
      "locked": {
        "lastModified": 1653893745,
        "narHash": "sha256-0jntwV3Z8//YwuOjzhV2sgJJPt+HY6KhU7VZUL0fKZQ=",
        "owner": "numtide",
        "repo": "flake-utils",
        "rev": "1ed9fb1935d260de5fe1c2f7ee0ebaae17ed2fa1",
        "type": "github"
      },
      "original": {
        "owner": "numtide",
        "repo": "flake-utils",
        "type": "github"
      }
    },
    "haumea": {
      "inputs": {
        "nixpkgs": [
          "std",
          "lib"
        ]
      },
      "locked": {
        "lastModified": 1685133229,
        "narHash": "sha256-FePm/Gi9PBSNwiDFq3N+DWdfxFq0UKsVVTJS3cQPn94=",
        "owner": "nix-community",
        "repo": "haumea",
        "rev": "34dd58385092a23018748b50f9b23de6266dffc2",
        "type": "github"
      },
      "original": {
        "owner": "nix-community",
        "ref": "v0.2.2",
        "repo": "haumea",
        "type": "github"
      }
    },
    "incl": {
      "inputs": {
        "nixlib": [
          "std",
          "lib"
        ]
      },
      "locked": {
        "lastModified": 1693483555,
        "narHash": "sha256-Beq4WhSeH3jRTZgC1XopTSU10yLpK1nmMcnGoXO0XYo=",
        "owner": "divnix",
        "repo": "incl",
        "rev": "526751ad3d1e23b07944b14e3f6b7a5948d3007b",
        "type": "github"
      },
      "original": {
        "owner": "divnix",
        "repo": "incl",
        "type": "github"
      }
    },
    "lib": {
      "locked": {
        "lastModified": 1722128034,
        "narHash": "sha256-L8rwzYPsLo/TYtydPJoQyYOfetuiyQYnTWYcyB8UE/s=",
        "owner": "nix-community",
        "repo": "nixpkgs.lib",
        "rev": "d15f6f6021693898fcd2c6a9bb13707383da9bbc",
        "type": "github"
      },
      "original": {
        "owner": "nix-community",
        "repo": "nixpkgs.lib",
        "type": "github"
      }
    },
    "nixago": {
      "inputs": {
        "flake-utils": "flake-utils_2",
        "nixago-exts": [],
        "nixpkgs": [
          "nixpkgs"
        ]
      },
      "locked": {
        "lastModified": 1714086354,
        "narHash": "sha256-yKVQMxL9p7zCWUhnGhDzRVT8sDgHoI3V595lBK0C2YA=",
        "owner": "nix-community",
        "repo": "nixago",
        "rev": "5133633e9fe6b144c8e00e3b212cdbd5a173b63d",
        "type": "github"
      },
      "original": {
        "owner": "nix-community",
        "repo": "nixago",
        "type": "github"
      }
    },
    "nixpkgs": {
      "locked": {
        "lastModified": 1696019113,
        "narHash": "sha256-X3+DKYWJm93DRSdC5M6K5hLqzSya9BjibtBsuARoPco=",
        "owner": "NixOS",
        "repo": "nixpkgs",
        "rev": "f5892ddac112a1e9b3612c39af1b72987ee5783a",
        "type": "github"
      },
      "original": {
        "owner": "NixOS",
        "ref": "nixos-unstable",
        "repo": "nixpkgs",
        "type": "github"
      }
    },
    "nixpkgs_2": {
      "locked": {
        "lastModified": 1726583932,
        "narHash": "sha256-zACxiQx8knB3F8+Ze+1BpiYrI+CbhxyWpcSID9kVhkQ=",
        "owner": "nixos",
        "repo": "nixpkgs",
        "rev": "658e7223191d2598641d50ee4e898126768fe847",
        "type": "github"
      },
      "original": {
        "owner": "nixos",
        "ref": "nixpkgs-unstable",
        "repo": "nixpkgs",
        "type": "github"
      }
    },
    "nosys": {
      "locked": {
        "lastModified": 1668010795,
        "narHash": "sha256-JBDVBnos8g0toU7EhIIqQ1If5m/nyBqtHhL3sicdPwI=",
        "owner": "divnix",
        "repo": "nosys",
        "rev": "feade0141487801c71ff55623b421ed535dbdefa",
        "type": "github"
      },
      "original": {
        "owner": "divnix",
        "repo": "nosys",
        "type": "github"
      }
    },
    "paisano": {
      "inputs": {
        "call-flake": "call-flake_2",
        "nixpkgs": [
          "std",
          "nixpkgs"
        ],
        "nosys": "nosys",
        "yants": [
          "std",
          "yants"
        ]
      },
      "locked": {
        "lastModified": 1708640854,
        "narHash": "sha256-EpcAmvIS4ErqhXtVEfd2GPpU/E/s8CCRSfYzk6FZ/fY=",
        "owner": "paisano-nix",
        "repo": "core",
        "rev": "adcf742bc9463c08764ca9e6955bd5e7dcf3a3fe",
        "type": "github"
      },
      "original": {
        "owner": "paisano-nix",
        "ref": "0.2.0",
        "repo": "core",
        "type": "github"
      }
    },
    "paisano-tui": {
      "flake": false,
      "locked": {
        "lastModified": 1708637035,
        "narHash": "sha256-R19YURSK+MY/Rw6FZnojQS9zuDh+OoTAyngQAjjoubc=",
        "owner": "paisano-nix",
        "repo": "tui",
        "rev": "231761b260587a64817e4ffae3afc15defaa15db",
        "type": "github"
      },
      "original": {
        "owner": "paisano-nix",
        "ref": "v0.5.0",
        "repo": "tui",
        "type": "github"
      }
    },
    "root": {
      "inputs": {
        "call-flake": "call-flake",
        "colmena": "colmena",
        "devshell": "devshell",
        "haumea": [
          "std",
          "haumea"
        ],
        "nixago": "nixago",
        "nixpkgs": "nixpkgs_2",
        "std": "std",
        "terraform-providers": "terraform-providers"
      }
    },
    "stable": {
      "locked": {
        "lastModified": 1696039360,
        "narHash": "sha256-g7nIUV4uq1TOVeVIDEZLb005suTWCUjSY0zYOlSBsyE=",
        "owner": "NixOS",
        "repo": "nixpkgs",
        "rev": "32dcb45f66c0487e92db8303a798ebc548cadedc",
        "type": "github"
      },
      "original": {
        "owner": "NixOS",
        "ref": "nixos-23.05",
        "repo": "nixpkgs",
        "type": "github"
      }
    },
    "std": {
      "inputs": {
        "arion": [
          "std",
          "blank"
        ],
        "blank": "blank",
        "devshell": [
          "devshell"
        ],
        "dmerge": "dmerge",
        "haumea": "haumea",
        "incl": "incl",
        "lib": "lib",
        "makes": [
          "std",
          "blank"
        ],
        "microvm": [
          "std",
          "blank"
        ],
        "n2c": [
          "std",
          "blank"
        ],
        "nixago": [
          "nixago"
        ],
        "nixpkgs": [
          "nixpkgs"
        ],
        "paisano": "paisano",
        "paisano-tui": "paisano-tui",
        "terranix": [
          "std",
          "blank"
        ],
        "yants": "yants"
      },
      "locked": {
        "lastModified": 1722333425,
        "narHash": "sha256-C9w5BNBMq1rZ6FqP1eJoIuRzyIhGIGC0GV8qys38LKQ=",
        "owner": "divnix",
        "repo": "std",
        "rev": "f8f6f70cdc9234d36d3d445d99a60b9267644df8",
        "type": "github"
      },
      "original": {
        "owner": "divnix",
        "repo": "std",
        "type": "github"
      }
    },
    "terraform-providers": {
      "inputs": {
        "nixpkgs": [
          "nixpkgs"
        ]
      },
      "locked": {
        "lastModified": 1726706904,
        "narHash": "sha256-pshKvvZTHd5vIZ5BcJQrfvRI+Qb84ed1dJksWM1uq6g=",
        "owner": "nix-community",
        "repo": "nixpkgs-terraform-providers-bin",
        "rev": "c13d032afa7dc8f90ef050cef068664f51a3bee9",
        "type": "github"
      },
      "original": {
        "owner": "nix-community",
        "repo": "nixpkgs-terraform-providers-bin",
        "type": "github"
      }
    },
    "yants": {
      "inputs": {
        "nixpkgs": [
          "std",
          "lib"
        ]
      },
      "locked": {
        "lastModified": 1686863218,
        "narHash": "sha256-kooxYm3/3ornWtVBNHM3Zh020gACUyFX2G0VQXnB+mk=",
        "owner": "divnix",
        "repo": "yants",
        "rev": "8f0da0dba57149676aa4817ec0c880fbde7a648d",
        "type": "github"
      },
      "original": {
        "owner": "divnix",
        "repo": "yants",
        "type": "github"
      }
    }
  },
  "root": "root",
  "version": 7
}
